
Microsoft Visual Studio Solution File, Format Version 12.00
# Visual Studio Version 17
VisualStudioVersion = 17.4.33110.190
MinimumVisualStudioVersion = 10.0.40219.1
Project("{FAE04EC0-301F-11D3-BF4B-00C04F79EFBC}") = "Dynaamikud", "Dynaamikud.csproj", "{C96B4357-3717-46B5-9038-6C228C5EB9E0}"
EndProject
Global
	GlobalSection(SolutionConfigurationPlatforms) = preSolution
		Debug|Any CPU = Debug|Any CPU
		Release|Any CPU = Release|Any CPU
	EndGlobalSection
	GlobalSection(ProjectConfigurationPlatforms) = postSolution
		{C96B4357-3717-46B5-9038-6C228C5EB9E0}.Debug|Any CPU.ActiveCfg = Debug|Any CPU
		{C96B4357-3717-46B5-9038-6C228C5EB9E0}.Debug|Any CPU.Build.0 = Debug|Any CPU
		{C96B4357-3717-46B5-9038-6C228C5EB9E0}.Release|Any CPU.ActiveCfg = Release|Any CPU
		{C96B4357-3717-46B5-9038-6C228C5EB9E0}.Release|Any CPU.Build.0 = Release|Any CPU
	EndGlobalSection
	GlobalSection(SolutionProperties) = preSolution
		HideSolutionNode = FALSE
	EndGlobalSection
	GlobalSection(ExtensibilityGlobals) = postSolution
		SolutionGuid = {58164758-5F83-4B7A-AE64-0571C7DC0C6E}
	EndGlobalSection
EndGlobal
